# This file is automatically @generated by Cargo.
# It is not intended for manual editing.
version = 3

[[package]]
name = "basm"
version = "0.1.0"
dependencies = [
 "compiler_builtins",
]

[[package]]
name = "compiler_builtins"
version = "0.1.84"
source = "registry+https://github.com/rust-lang/crates.io-index"
checksum = "989b2c1ca6e90ad06fdc69d1d1862fa28d27a977be6d92ae2fa762cf61fe0b10"
